
Microsoft Visual Studio Solution File, Format Version 12.00
# Visual Studio Version 17
VisualStudioVersion = 17.0.31903.59
MinimumVisualStudioVersion = 10.0.40219.1
Project("{2150E333-8FDC-42A3-9474-1A3956D46DE8}") = "2015", "2015", "{82F79EAF-3F94-435F-BF29-F407410282AA}"
EndProject
Project("{F2A71F9B-5D33-465A-A702-920D77279786}") = "Day1", "2015\Day_1-Not_Quite_Lisp\Day1\Day1.fsproj", "{9FD30731-8EF3-46E8-B2B0-87D9D33E9F0A}"
EndProject
Project("{2150E333-8FDC-42A3-9474-1A3956D46DE8}") = "D1", "D1", "{2B617858-56B3-49C1-B484-73B05AEBA2BE}"
	ProjectSection(SolutionItems) = preProject
		2015\Day_1-Not_Quite_Lisp\input.txt = 2015\Day_1-Not_Quite_Lisp\input.txt
		2015\Day_1-Not_Quite_Lisp\task.md = 2015\Day_1-Not_Quite_Lisp\task.md
	EndProjectSection
EndProject
Project("{2150E333-8FDC-42A3-9474-1A3956D46DE8}") = "2024", "2024", "{B38652E4-F84F-441D-BA48-8F5ECCC48AFC}"
EndProject
Project("{2150E333-8FDC-42A3-9474-1A3956D46DE8}") = "Day1", "Day1", "{DB1263E6-5860-421F-BB64-87B5CF48B202}"
	ProjectSection(SolutionItems) = preProject
		2024\Day1\Day 1 Historian Hysteria.md = 2024\Day1\Day 1 Historian Hysteria.md
		2024\Day1\input.txt = 2024\Day1\input.txt
	EndProjectSection
EndProject
Project("{FAE04EC0-301F-11D3-BF4B-00C04F79EFBC}") = "Day1.HistorianHysteria.Console", "2024\Day1\Day1.HistorianHysteria.Console\Day1.HistorianHysteria.Console.csproj", "{271E1EB3-B257-4EFE-8DBF-D18F4A798BBE}"
EndProject
Project("{FAE04EC0-301F-11D3-BF4B-00C04F79EFBC}") = "Day1.HistorianHysteria.Tests", "2024\Day1\Day1.HistorianHysteria.Tests\Day1.HistorianHysteria.Tests.csproj", "{0E2B6904-6D8B-4FD9-A378-45151E9D2316}"
EndProject
Project("{FAE04EC0-301F-11D3-BF4B-00C04F79EFBC}") = "AOC.Shared", "AOC.Shared\AOC.Shared.csproj", "{447DA06B-C314-4E1C-B5D5-6137B3DC11D5}"
EndProject
Project("{FAE04EC0-301F-11D3-BF4B-00C04F79EFBC}") = "AOC.Shared.Tests", "AOC.Shared.Tests\AOC.Shared.Tests.csproj", "{CA2DFF28-A7CE-4C69-9733-BFA938D17396}"
EndProject
Project("{2150E333-8FDC-42A3-9474-1A3956D46DE8}") = "Day2", "Day2", "{42032E29-7DEB-43C2-9A44-FE04B17CB1D9}"
	ProjectSection(SolutionItems) = preProject
		2024\Day2\Day 2 Red-Nosed Reports.md = 2024\Day2\Day 2 Red-Nosed Reports.md
		2024\Day2\input.txt = 2024\Day2\input.txt
	EndProjectSection
EndProject
Project("{FAE04EC0-301F-11D3-BF4B-00C04F79EFBC}") = "Day2.RedNosedReports", "2024\Day2\Day2.RedNosedReports\Day2.RedNosedReports.csproj", "{32FD6CEB-B1DC-44FF-8B39-51656E809E91}"
EndProject
Project("{FAE04EC0-301F-11D3-BF4B-00C04F79EFBC}") = "Day3.MullItOver", "2024\Day3\Day3.MullItOver\Day3.MullItOver.csproj", "{66781504-4A71-4CBD-A4A5-CF7A2D000B22}"
EndProject
Project("{2150E333-8FDC-42A3-9474-1A3956D46DE8}") = "Day3", "Day3", "{37695D12-9179-4DC7-A011-613BDB1C2B9C}"
	ProjectSection(SolutionItems) = preProject
		2024\Day3\Day 3 Mull It Over.md = 2024\Day3\Day 3 Mull It Over.md
		2024\Day3\input.txt = 2024\Day3\input.txt
	EndProjectSection
EndProject
Project("{2150E333-8FDC-42A3-9474-1A3956D46DE8}") = "Day4", "Day4", "{EC36BE2E-DC35-42B8-8826-33CA3369799D}"
	ProjectSection(SolutionItems) = preProject
		2024\Day4\input.txt = 2024\Day4\input.txt
		2024\Day4\Day 4 Ceres Search.md = 2024\Day4\Day 4 Ceres Search.md
	EndProjectSection
EndProject
Project("{FAE04EC0-301F-11D3-BF4B-00C04F79EFBC}") = "Day4.CeresSearch", "2024\Day4\Day4.CeresSearch\Day4.CeresSearch.csproj", "{F3225682-9D3F-4D2A-853E-8D5FA915C704}"
EndProject
Project("{2150E333-8FDC-42A3-9474-1A3956D46DE8}") = "Day5", "Day5", "{DACD0DB6-FD53-43C6-BC73-57DB9D32D3D6}"
	ProjectSection(SolutionItems) = preProject
		2024\Day5\Day 5 Print Queue.md = 2024\Day5\Day 5 Print Queue.md
		2024\Day5\input.txt = 2024\Day5\input.txt
	EndProjectSection
EndProject
Project("{FAE04EC0-301F-11D3-BF4B-00C04F79EFBC}") = "Day5.PrintQueue", "2024\Day5\Day5.PrintQueue\Day5.PrintQueue.csproj", "{FBA80BD9-0E73-424D-B27A-349121AF9E5F}"
EndProject
Global
	GlobalSection(SolutionConfigurationPlatforms) = preSolution
		Debug|Any CPU = Debug|Any CPU
		Release|Any CPU = Release|Any CPU
	EndGlobalSection
	GlobalSection(ProjectConfigurationPlatforms) = postSolution
		{9FD30731-8EF3-46E8-B2B0-87D9D33E9F0A}.Debug|Any CPU.ActiveCfg = Debug|Any CPU
		{9FD30731-8EF3-46E8-B2B0-87D9D33E9F0A}.Debug|Any CPU.Build.0 = Debug|Any CPU
		{9FD30731-8EF3-46E8-B2B0-87D9D33E9F0A}.Release|Any CPU.ActiveCfg = Release|Any CPU
		{9FD30731-8EF3-46E8-B2B0-87D9D33E9F0A}.Release|Any CPU.Build.0 = Release|Any CPU
		{271E1EB3-B257-4EFE-8DBF-D18F4A798BBE}.Debug|Any CPU.ActiveCfg = Debug|Any CPU
		{271E1EB3-B257-4EFE-8DBF-D18F4A798BBE}.Debug|Any CPU.Build.0 = Debug|Any CPU
		{271E1EB3-B257-4EFE-8DBF-D18F4A798BBE}.Release|Any CPU.ActiveCfg = Release|Any CPU
		{271E1EB3-B257-4EFE-8DBF-D18F4A798BBE}.Release|Any CPU.Build.0 = Release|Any CPU
		{0E2B6904-6D8B-4FD9-A378-45151E9D2316}.Debug|Any CPU.ActiveCfg = Debug|Any CPU
		{0E2B6904-6D8B-4FD9-A378-45151E9D2316}.Debug|Any CPU.Build.0 = Debug|Any CPU
		{0E2B6904-6D8B-4FD9-A378-45151E9D2316}.Release|Any CPU.ActiveCfg = Release|Any CPU
		{0E2B6904-6D8B-4FD9-A378-45151E9D2316}.Release|Any CPU.Build.0 = Release|Any CPU
		{447DA06B-C314-4E1C-B5D5-6137B3DC11D5}.Debug|Any CPU.ActiveCfg = Debug|Any CPU
		{447DA06B-C314-4E1C-B5D5-6137B3DC11D5}.Debug|Any CPU.Build.0 = Debug|Any CPU
		{447DA06B-C314-4E1C-B5D5-6137B3DC11D5}.Release|Any CPU.ActiveCfg = Release|Any CPU
		{447DA06B-C314-4E1C-B5D5-6137B3DC11D5}.Release|Any CPU.Build.0 = Release|Any CPU
		{CA2DFF28-A7CE-4C69-9733-BFA938D17396}.Debug|Any CPU.ActiveCfg = Debug|Any CPU
		{CA2DFF28-A7CE-4C69-9733-BFA938D17396}.Debug|Any CPU.Build.0 = Debug|Any CPU
		{CA2DFF28-A7CE-4C69-9733-BFA938D17396}.Release|Any CPU.ActiveCfg = Release|Any CPU
		{CA2DFF28-A7CE-4C69-9733-BFA938D17396}.Release|Any CPU.Build.0 = Release|Any CPU
		{32FD6CEB-B1DC-44FF-8B39-51656E809E91}.Debug|Any CPU.ActiveCfg = Debug|Any CPU
		{32FD6CEB-B1DC-44FF-8B39-51656E809E91}.Debug|Any CPU.Build.0 = Debug|Any CPU
		{32FD6CEB-B1DC-44FF-8B39-51656E809E91}.Release|Any CPU.ActiveCfg = Release|Any CPU
		{32FD6CEB-B1DC-44FF-8B39-51656E809E91}.Release|Any CPU.Build.0 = Release|Any CPU
		{66781504-4A71-4CBD-A4A5-CF7A2D000B22}.Debug|Any CPU.ActiveCfg = Debug|Any CPU
		{66781504-4A71-4CBD-A4A5-CF7A2D000B22}.Debug|Any CPU.Build.0 = Debug|Any CPU
		{66781504-4A71-4CBD-A4A5-CF7A2D000B22}.Release|Any CPU.ActiveCfg = Release|Any CPU
		{66781504-4A71-4CBD-A4A5-CF7A2D000B22}.Release|Any CPU.Build.0 = Release|Any CPU
		{F3225682-9D3F-4D2A-853E-8D5FA915C704}.Debug|Any CPU.ActiveCfg = Debug|Any CPU
		{F3225682-9D3F-4D2A-853E-8D5FA915C704}.Debug|Any CPU.Build.0 = Debug|Any CPU
		{F3225682-9D3F-4D2A-853E-8D5FA915C704}.Release|Any CPU.ActiveCfg = Release|Any CPU
		{F3225682-9D3F-4D2A-853E-8D5FA915C704}.Release|Any CPU.Build.0 = Release|Any CPU
		{FBA80BD9-0E73-424D-B27A-349121AF9E5F}.Debug|Any CPU.ActiveCfg = Debug|Any CPU
		{FBA80BD9-0E73-424D-B27A-349121AF9E5F}.Debug|Any CPU.Build.0 = Debug|Any CPU
		{FBA80BD9-0E73-424D-B27A-349121AF9E5F}.Release|Any CPU.ActiveCfg = Release|Any CPU
		{FBA80BD9-0E73-424D-B27A-349121AF9E5F}.Release|Any CPU.Build.0 = Release|Any CPU
	EndGlobalSection
	GlobalSection(SolutionProperties) = preSolution
		HideSolutionNode = FALSE
	EndGlobalSection
	GlobalSection(NestedProjects) = preSolution
		{9FD30731-8EF3-46E8-B2B0-87D9D33E9F0A} = {2B617858-56B3-49C1-B484-73B05AEBA2BE}
		{2B617858-56B3-49C1-B484-73B05AEBA2BE} = {82F79EAF-3F94-435F-BF29-F407410282AA}
		{DB1263E6-5860-421F-BB64-87B5CF48B202} = {B38652E4-F84F-441D-BA48-8F5ECCC48AFC}
		{271E1EB3-B257-4EFE-8DBF-D18F4A798BBE} = {DB1263E6-5860-421F-BB64-87B5CF48B202}
		{0E2B6904-6D8B-4FD9-A378-45151E9D2316} = {DB1263E6-5860-421F-BB64-87B5CF48B202}
		{447DA06B-C314-4E1C-B5D5-6137B3DC11D5} = {B38652E4-F84F-441D-BA48-8F5ECCC48AFC}
		{CA2DFF28-A7CE-4C69-9733-BFA938D17396} = {B38652E4-F84F-441D-BA48-8F5ECCC48AFC}
		{42032E29-7DEB-43C2-9A44-FE04B17CB1D9} = {B38652E4-F84F-441D-BA48-8F5ECCC48AFC}
		{32FD6CEB-B1DC-44FF-8B39-51656E809E91} = {42032E29-7DEB-43C2-9A44-FE04B17CB1D9}
		{37695D12-9179-4DC7-A011-613BDB1C2B9C} = {B38652E4-F84F-441D-BA48-8F5ECCC48AFC}
		{66781504-4A71-4CBD-A4A5-CF7A2D000B22} = {37695D12-9179-4DC7-A011-613BDB1C2B9C}
		{EC36BE2E-DC35-42B8-8826-33CA3369799D} = {B38652E4-F84F-441D-BA48-8F5ECCC48AFC}
		{F3225682-9D3F-4D2A-853E-8D5FA915C704} = {EC36BE2E-DC35-42B8-8826-33CA3369799D}
		{DACD0DB6-FD53-43C6-BC73-57DB9D32D3D6} = {B38652E4-F84F-441D-BA48-8F5ECCC48AFC}
		{FBA80BD9-0E73-424D-B27A-349121AF9E5F} = {DACD0DB6-FD53-43C6-BC73-57DB9D32D3D6}
	EndGlobalSection
	GlobalSection(ExtensibilityGlobals) = postSolution
		SolutionGuid = {80E0C9DE-C8A1-4A88-8B4E-7A34437EE437}
	EndGlobalSection
EndGlobal
